
Microsoft Visual Studio Solution File, Format Version 12.00
# Visual Studio Version 17
VisualStudioVersion = 17.10.34928.147
MinimumVisualStudioVersion = 10.0.40219.1
Project("{FAE04EC0-301F-11D3-BF4B-00C04F79EFBC}") = "Aprendizado", "Aprendizado\Aprendizado.csproj", "{CEACF58F-869A-4392-AA0D-168D23FD0C93}"
EndProject
Global
	GlobalSection(SolutionConfigurationPlatforms) = preSolution
		Debug|Any CPU = Debug|Any CPU
		Release|Any CPU = Release|Any CPU
	EndGlobalSection
	GlobalSection(ProjectConfigurationPlatforms) = postSolution
		{CEACF58F-869A-4392-AA0D-168D23FD0C93}.Debug|Any CPU.ActiveCfg = Debug|Any CPU
		{CEACF58F-869A-4392-AA0D-168D23FD0C93}.Debug|Any CPU.Build.0 = Debug|Any CPU
		{CEACF58F-869A-4392-AA0D-168D23FD0C93}.Release|Any CPU.ActiveCfg = Release|Any CPU
		{CEACF58F-869A-4392-AA0D-168D23FD0C93}.Release|Any CPU.Build.0 = Release|Any CPU
	EndGlobalSection
	GlobalSection(SolutionProperties) = preSolution
		HideSolutionNode = FALSE
	EndGlobalSection
	GlobalSection(ExtensibilityGlobals) = postSolution
		SolutionGuid = {C13EBB66-61D1-41E2-8D5F-866723F29901}
	EndGlobalSection
EndGlobal
